// !$*UTF8*$!
{
	archiveVersion = 1;
	classes = {
	};
	objectVersion = 56;
	objects = {

/* Begin PBXBuildFile section */
		8A1226382983230300BBCF5E /* DownloadDataController.swift in Sources */ = {isa = PBXBuildFile; fileRef = 8A1226372983230300BBCF5E /* DownloadDataController.swift */; };
		8A12263C29832EE200BBCF5E /* LessonRepository.swift in Sources */ = {isa = PBXBuildFile; fileRef = 8A12263B29832EE200BBCF5E /* LessonRepository.swift */; };
		8A12263E2983317800BBCF5E /* DownloadRepository.swift in Sources */ = {isa = PBXBuildFile; fileRef = 8A12263D2983317800BBCF5E /* DownloadRepository.swift */; };
		8A1226402983341E00BBCF5E /* AppDatabase.swift in Sources */ = {isa = PBXBuildFile; fileRef = 8A12263F2983341E00BBCF5E /* AppDatabase.swift */; };
		8A12265B298338BC00BBCF5E /* AppModels.framework in Frameworks */ = {isa = PBXBuildFile; fileRef = 8A12265A298338BC00BBCF5E /* AppModels.framework */; };
		8A12265C298338BC00BBCF5E /* AppModels.framework in Embed Frameworks */ = {isa = PBXBuildFile; fileRef = 8A12265A298338BC00BBCF5E /* AppModels.framework */; settings = {ATTRIBUTES = (CodeSignOnCopy, RemoveHeadersOnCopy, ); }; };
		8A91CF3F2983137300682807 /* AppDataBase.framework in Frameworks */ = {isa = PBXBuildFile; fileRef = 8A91CF362983137300682807 /* AppDataBase.framework */; };
		8A91CF442983137300682807 /* LessonRepositoryTests.swift in Sources */ = {isa = PBXBuildFile; fileRef = 8A91CF432983137300682807 /* LessonRepositoryTests.swift */; };
		8A91CF452983137300682807 /* AppDataBase.h in Headers */ = {isa = PBXBuildFile; fileRef = 8A91CF392983137300682807 /* AppDataBase.h */; settings = {ATTRIBUTES = (Public, ); }; };
		8A91CF50298313A100682807 /* AppDataBaseModel.xcdatamodeld in Sources */ = {isa = PBXBuildFile; fileRef = 8A91CF4E298313A100682807 /* AppDataBaseModel.xcdatamodeld */; };
		8A91CF6A2983170000682807 /* DownloadItem+CoreDataProperties.swift in Sources */ = {isa = PBXBuildFile; fileRef = 8A91CF66298316FF00682807 /* DownloadItem+CoreDataProperties.swift */; };
		8A91CF6B2983170000682807 /* Lesson+CoreDataProperties.swift in Sources */ = {isa = PBXBuildFile; fileRef = 8A91CF67298316FF00682807 /* Lesson+CoreDataProperties.swift */; };
		8A91CF6C2983170000682807 /* DownloadItem+CoreDataClass.swift in Sources */ = {isa = PBXBuildFile; fileRef = 8A91CF682983170000682807 /* DownloadItem+CoreDataClass.swift */; };
		8A91CF6D2983170000682807 /* Lesson+CoreDataClass.swift in Sources */ = {isa = PBXBuildFile; fileRef = 8A91CF692983170000682807 /* Lesson+CoreDataClass.swift */; };
		8A91CF702983179000682807 /* AppDatabaseManager.swift in Sources */ = {isa = PBXBuildFile; fileRef = 8A91CF6F2983179000682807 /* AppDatabaseManager.swift */; };
		8A91CF7329831A6400682807 /* LessonDataController.swift in Sources */ = {isa = PBXBuildFile; fileRef = 8A91CF7229831A6400682807 /* LessonDataController.swift */; };
		8AFA467D29859DB6002AB181 /* TargetAppApp.swift in Sources */ = {isa = PBXBuildFile; fileRef = 8AFA467C29859DB6002AB181 /* TargetAppApp.swift */; };
		8AFA467F29859DB6002AB181 /* ContentView.swift in Sources */ = {isa = PBXBuildFile; fileRef = 8AFA467E29859DB6002AB181 /* ContentView.swift */; };
		8AFA468129859DB9002AB181 /* Assets.xcassets in Resources */ = {isa = PBXBuildFile; fileRef = 8AFA468029859DB9002AB181 /* Assets.xcassets */; };
		8AFA468429859DB9002AB181 /* Preview Assets.xcassets in Resources */ = {isa = PBXBuildFile; fileRef = 8AFA468329859DB9002AB181 /* Preview Assets.xcassets */; };
		8AFA468829859DD3002AB181 /* AppDataBase.framework in Frameworks */ = {isa = PBXBuildFile; fileRef = 8A91CF362983137300682807 /* AppDataBase.framework */; };
		8AFA468929859DD3002AB181 /* AppDataBase.framework in Embed Frameworks */ = {isa = PBXBuildFile; fileRef = 8A91CF362983137300682807 /* AppDataBase.framework */; settings = {ATTRIBUTES = (CodeSignOnCopy, RemoveHeadersOnCopy, ); }; };
		8AFA468D29859DD8002AB181 /* AppModels.framework in Frameworks */ = {isa = PBXBuildFile; fileRef = 8A12265A298338BC00BBCF5E /* AppModels.framework */; };
		8AFA468E29859DD8002AB181 /* AppModels.framework in Embed Frameworks */ = {isa = PBXBuildFile; fileRef = 8A12265A298338BC00BBCF5E /* AppModels.framework */; settings = {ATTRIBUTES = (CodeSignOnCopy, RemoveHeadersOnCopy, ); }; };
		8AFA469329859E8C002AB181 /* AppDatabaseMock.swift in Sources */ = {isa = PBXBuildFile; fileRef = 8AFA469229859E8C002AB181 /* AppDatabaseMock.swift */; };
		8AFA469529859F85002AB181 /* DatabaseStoreMock.swift in Sources */ = {isa = PBXBuildFile; fileRef = 8AFA469429859F85002AB181 /* DatabaseStoreMock.swift */; };
		8AFA469C2985B37B002AB181 /* AppDatabaseManagerMock.swift in Sources */ = {isa = PBXBuildFile; fileRef = 8AFA469B2985B37B002AB181 /* AppDatabaseManagerMock.swift */; };
		8AFA46A02985C855002AB181 /* DownloadRepositoryTest.swift in Sources */ = {isa = PBXBuildFile; fileRef = 8AFA469F2985C855002AB181 /* DownloadRepositoryTest.swift */; };
/* End PBXBuildFile section */

/* Begin PBXContainerItemProxy section */
		8A91CF402983137300682807 /* PBXContainerItemProxy */ = {
			isa = PBXContainerItemProxy;
			containerPortal = 8A91CF2D2983137300682807 /* Project object */;
			proxyType = 1;
			remoteGlobalIDString = 8A91CF352983137300682807;
			remoteInfo = AppDataBase;
		};
		8AFA468A29859DD3002AB181 /* PBXContainerItemProxy */ = {
			isa = PBXContainerItemProxy;
			containerPortal = 8A91CF2D2983137300682807 /* Project object */;
			proxyType = 1;
			remoteGlobalIDString = 8A91CF352983137300682807;
			remoteInfo = AppDataBase;
		};
		8AFA468F29859DE0002AB181 /* PBXContainerItemProxy */ = {
			isa = PBXContainerItemProxy;
			containerPortal = 8A91CF2D2983137300682807 /* Project object */;
			proxyType = 1;
			remoteGlobalIDString = 8AFA467929859DB6002AB181;
			remoteInfo = TargetApp;
		};
/* End PBXContainerItemProxy section */

/* Begin PBXCopyFilesBuildPhase section */
		8A12265D298338BC00BBCF5E /* Embed Frameworks */ = {
			isa = PBXCopyFilesBuildPhase;
			buildActionMask = 2147483647;
			dstPath = "";
			dstSubfolderSpec = 10;
			files = (
				8A12265C298338BC00BBCF5E /* AppModels.framework in Embed Frameworks */,
			);
			name = "Embed Frameworks";
			runOnlyForDeploymentPostprocessing = 0;
		};
		8AFA468C29859DD3002AB181 /* Embed Frameworks */ = {
			isa = PBXCopyFilesBuildPhase;
			buildActionMask = 2147483647;
			dstPath = "";
			dstSubfolderSpec = 10;
			files = (
				8AFA468E29859DD8002AB181 /* AppModels.framework in Embed Frameworks */,
				8AFA468929859DD3002AB181 /* AppDataBase.framework in Embed Frameworks */,
			);
			name = "Embed Frameworks";
			runOnlyForDeploymentPostprocessing = 0;
		};
/* End PBXCopyFilesBuildPhase section */

/* Begin PBXFileReference section */
		8A1226372983230300BBCF5E /* DownloadDataController.swift */ = {isa = PBXFileReference; lastKnownFileType = sourcecode.swift; path = DownloadDataController.swift; sourceTree = "<group>"; };
		8A12263B29832EE200BBCF5E /* LessonRepository.swift */ = {isa = PBXFileReference; lastKnownFileType = sourcecode.swift; path = LessonRepository.swift; sourceTree = "<group>"; };
		8A12263D2983317800BBCF5E /* DownloadRepository.swift */ = {isa = PBXFileReference; lastKnownFileType = sourcecode.swift; path = DownloadRepository.swift; sourceTree = "<group>"; };
		8A12263F2983341E00BBCF5E /* AppDatabase.swift */ = {isa = PBXFileReference; lastKnownFileType = sourcecode.swift; path = AppDatabase.swift; sourceTree = "<group>"; };
		8A12265A298338BC00BBCF5E /* AppModels.framework */ = {isa = PBXFileReference; explicitFileType = wrapper.framework; path = AppModels.framework; sourceTree = BUILT_PRODUCTS_DIR; };
		8A91CF362983137300682807 /* AppDataBase.framework */ = {isa = PBXFileReference; explicitFileType = wrapper.framework; includeInIndex = 0; path = AppDataBase.framework; sourceTree = BUILT_PRODUCTS_DIR; };
		8A91CF392983137300682807 /* AppDataBase.h */ = {isa = PBXFileReference; lastKnownFileType = sourcecode.c.h; path = AppDataBase.h; sourceTree = "<group>"; };
		8A91CF3E2983137300682807 /* AppDataBaseTests.xctest */ = {isa = PBXFileReference; explicitFileType = wrapper.cfbundle; includeInIndex = 0; path = AppDataBaseTests.xctest; sourceTree = BUILT_PRODUCTS_DIR; };
		8A91CF432983137300682807 /* LessonRepositoryTests.swift */ = {isa = PBXFileReference; lastKnownFileType = sourcecode.swift; path = LessonRepositoryTests.swift; sourceTree = "<group>"; };
		8A91CF4F298313A100682807 /* AppDataBaseModel.xcdatamodel */ = {isa = PBXFileReference; lastKnownFileType = wrapper.xcdatamodel; path = AppDataBaseModel.xcdatamodel; sourceTree = "<group>"; };
		8A91CF66298316FF00682807 /* DownloadItem+CoreDataProperties.swift */ = {isa = PBXFileReference; fileEncoding = 4; lastKnownFileType = sourcecode.swift; path = "DownloadItem+CoreDataProperties.swift"; sourceTree = "<group>"; };
		8A91CF67298316FF00682807 /* Lesson+CoreDataProperties.swift */ = {isa = PBXFileReference; fileEncoding = 4; lastKnownFileType = sourcecode.swift; path = "Lesson+CoreDataProperties.swift"; sourceTree = "<group>"; };
		8A91CF682983170000682807 /* DownloadItem+CoreDataClass.swift */ = {isa = PBXFileReference; fileEncoding = 4; lastKnownFileType = sourcecode.swift; path = "DownloadItem+CoreDataClass.swift"; sourceTree = "<group>"; };
		8A91CF692983170000682807 /* Lesson+CoreDataClass.swift */ = {isa = PBXFileReference; fileEncoding = 4; lastKnownFileType = sourcecode.swift; path = "Lesson+CoreDataClass.swift"; sourceTree = "<group>"; };
		8A91CF6F2983179000682807 /* AppDatabaseManager.swift */ = {isa = PBXFileReference; lastKnownFileType = sourcecode.swift; path = AppDatabaseManager.swift; sourceTree = "<group>"; };
		8A91CF7229831A6400682807 /* LessonDataController.swift */ = {isa = PBXFileReference; lastKnownFileType = sourcecode.swift; path = LessonDataController.swift; sourceTree = "<group>"; };
		8AFA467A29859DB6002AB181 /* TargetApp.app */ = {isa = PBXFileReference; explicitFileType = wrapper.application; includeInIndex = 0; path = TargetApp.app; sourceTree = BUILT_PRODUCTS_DIR; };
		8AFA467C29859DB6002AB181 /* TargetAppApp.swift */ = {isa = PBXFileReference; lastKnownFileType = sourcecode.swift; path = TargetAppApp.swift; sourceTree = "<group>"; };
		8AFA467E29859DB6002AB181 /* ContentView.swift */ = {isa = PBXFileReference; lastKnownFileType = sourcecode.swift; path = ContentView.swift; sourceTree = "<group>"; };
		8AFA468029859DB9002AB181 /* Assets.xcassets */ = {isa = PBXFileReference; lastKnownFileType = folder.assetcatalog; path = Assets.xcassets; sourceTree = "<group>"; };
		8AFA468329859DB9002AB181 /* Preview Assets.xcassets */ = {isa = PBXFileReference; lastKnownFileType = folder.assetcatalog; path = "Preview Assets.xcassets"; sourceTree = "<group>"; };
		8AFA469229859E8C002AB181 /* AppDatabaseMock.swift */ = {isa = PBXFileReference; lastKnownFileType = sourcecode.swift; path = AppDatabaseMock.swift; sourceTree = "<group>"; };
		8AFA469429859F85002AB181 /* DatabaseStoreMock.swift */ = {isa = PBXFileReference; lastKnownFileType = sourcecode.swift; path = DatabaseStoreMock.swift; sourceTree = "<group>"; };
		8AFA469B2985B37B002AB181 /* AppDatabaseManagerMock.swift */ = {isa = PBXFileReference; lastKnownFileType = sourcecode.swift; path = AppDatabaseManagerMock.swift; sourceTree = "<group>"; };
		8AFA469F2985C855002AB181 /* DownloadRepositoryTest.swift */ = {isa = PBXFileReference; lastKnownFileType = sourcecode.swift; path = DownloadRepositoryTest.swift; sourceTree = "<group>"; };
/* End PBXFileReference section */

/* Begin PBXFrameworksBuildPhase section */
		8A91CF332983137300682807 /* Frameworks */ = {
			isa = PBXFrameworksBuildPhase;
			buildActionMask = 2147483647;
			files = (
				8A12265B298338BC00BBCF5E /* AppModels.framework in Frameworks */,
			);
			runOnlyForDeploymentPostprocessing = 0;
		};
		8A91CF3B2983137300682807 /* Frameworks */ = {
			isa = PBXFrameworksBuildPhase;
			buildActionMask = 2147483647;
			files = (
				8A91CF3F2983137300682807 /* AppDataBase.framework in Frameworks */,
			);
			runOnlyForDeploymentPostprocessing = 0;
		};
		8AFA467729859DB6002AB181 /* Frameworks */ = {
			isa = PBXFrameworksBuildPhase;
			buildActionMask = 2147483647;
			files = (
				8AFA468D29859DD8002AB181 /* AppModels.framework in Frameworks */,
				8AFA468829859DD3002AB181 /* AppDataBase.framework in Frameworks */,
			);
			runOnlyForDeploymentPostprocessing = 0;
		};
/* End PBXFrameworksBuildPhase section */

/* Begin PBXGroup section */
		8A122659298338BC00BBCF5E /* Frameworks */ = {
			isa = PBXGroup;
			children = (
				8A12265A298338BC00BBCF5E /* AppModels.framework */,
			);
			name = Frameworks;
			sourceTree = "<group>";
		};
		8A91CF2C2983137300682807 = {
			isa = PBXGroup;
			children = (
				8A91CF4E298313A100682807 /* AppDataBaseModel.xcdatamodeld */,
				8A91CF382983137300682807 /* AppDataBase */,
				8A91CF422983137300682807 /* AppDataBaseTests */,
				8AFA467B29859DB6002AB181 /* TargetApp */,
				8A91CF372983137300682807 /* Products */,
				8A122659298338BC00BBCF5E /* Frameworks */,
			);
			sourceTree = "<group>";
		};
		8A91CF372983137300682807 /* Products */ = {
			isa = PBXGroup;
			children = (
				8A91CF362983137300682807 /* AppDataBase.framework */,
				8A91CF3E2983137300682807 /* AppDataBaseTests.xctest */,
				8AFA467A29859DB6002AB181 /* TargetApp.app */,
			);
			name = Products;
			sourceTree = "<group>";
		};
		8A91CF382983137300682807 /* AppDataBase */ = {
			isa = PBXGroup;
			children = (
				8A91CF7129831A5400682807 /* Controllers */,
				8A91CF6E2983177100682807 /* Repositories */,
				8A91CF512983151B00682807 /* Models */,
				8A91CF6F2983179000682807 /* AppDatabaseManager.swift */,
				8A12263F2983341E00BBCF5E /* AppDatabase.swift */,
				8A91CF392983137300682807 /* AppDataBase.h */,
			);
			path = AppDataBase;
			sourceTree = "<group>";
		};
		8A91CF422983137300682807 /* AppDataBaseTests */ = {
			isa = PBXGroup;
			children = (
				8A91CF432983137300682807 /* LessonRepositoryTests.swift */,
				8AFA469F2985C855002AB181 /* DownloadRepositoryTest.swift */,
				8AFA469129859E77002AB181 /* Mocks */,
			);
			path = AppDataBaseTests;
			sourceTree = "<group>";
		};
		8A91CF512983151B00682807 /* Models */ = {
			isa = PBXGroup;
			children = (
				8A91CF682983170000682807 /* DownloadItem+CoreDataClass.swift */,
				8A91CF66298316FF00682807 /* DownloadItem+CoreDataProperties.swift */,
				8A91CF692983170000682807 /* Lesson+CoreDataClass.swift */,
				8A91CF67298316FF00682807 /* Lesson+CoreDataProperties.swift */,
			);
			path = Models;
			sourceTree = "<group>";
		};
		8A91CF6E2983177100682807 /* Repositories */ = {
			isa = PBXGroup;
			children = (
				8A12263B29832EE200BBCF5E /* LessonRepository.swift */,
				8A12263D2983317800BBCF5E /* DownloadRepository.swift */,
			);
			path = Repositories;
			sourceTree = "<group>";
		};
		8A91CF7129831A5400682807 /* Controllers */ = {
			isa = PBXGroup;
			children = (
				8A91CF7229831A6400682807 /* LessonDataController.swift */,
				8A1226372983230300BBCF5E /* DownloadDataController.swift */,
			);
			path = Controllers;
			sourceTree = "<group>";
		};
		8AFA467B29859DB6002AB181 /* TargetApp */ = {
			isa = PBXGroup;
			children = (
				8AFA467C29859DB6002AB181 /* TargetAppApp.swift */,
				8AFA467E29859DB6002AB181 /* ContentView.swift */,
				8AFA468029859DB9002AB181 /* Assets.xcassets */,
				8AFA468229859DB9002AB181 /* Preview Content */,
			);
			path = TargetApp;
			sourceTree = "<group>";
		};
		8AFA468229859DB9002AB181 /* Preview Content */ = {
			isa = PBXGroup;
			children = (
				8AFA468329859DB9002AB181 /* Preview Assets.xcassets */,
			);
			path = "Preview Content";
			sourceTree = "<group>";
		};
		8AFA469129859E77002AB181 /* Mocks */ = {
			isa = PBXGroup;
			children = (
				8AFA469B2985B37B002AB181 /* AppDatabaseManagerMock.swift */,
				8AFA469229859E8C002AB181 /* AppDatabaseMock.swift */,
				8AFA469429859F85002AB181 /* DatabaseStoreMock.swift */,
			);
			path = Mocks;
			sourceTree = "<group>";
		};
/* End PBXGroup section */

/* Begin PBXHeadersBuildPhase section */
		8A91CF312983137300682807 /* Headers */ = {
			isa = PBXHeadersBuildPhase;
			buildActionMask = 2147483647;
			files = (
				8A91CF452983137300682807 /* AppDataBase.h in Headers */,
			);
			runOnlyForDeploymentPostprocessing = 0;
		};
/* End PBXHeadersBuildPhase section */

/* Begin PBXNativeTarget section */
		8A91CF352983137300682807 /* AppDataBase */ = {
			isa = PBXNativeTarget;
			buildConfigurationList = 8A91CF482983137300682807 /* Build configuration list for PBXNativeTarget "AppDataBase" */;
			buildPhases = (
				8A91CF312983137300682807 /* Headers */,
				8A91CF322983137300682807 /* Sources */,
				8A91CF332983137300682807 /* Frameworks */,
				8A91CF342983137300682807 /* Resources */,
				8A12265D298338BC00BBCF5E /* Embed Frameworks */,
			);
			buildRules = (
			);
			dependencies = (
			);
			name = AppDataBase;
			productName = AppDataBase;
			productReference = 8A91CF362983137300682807 /* AppDataBase.framework */;
			productType = "com.apple.product-type.framework";
		};
		8A91CF3D2983137300682807 /* AppDataBaseTests */ = {
			isa = PBXNativeTarget;
			buildConfigurationList = 8A91CF4B2983137300682807 /* Build configuration list for PBXNativeTarget "AppDataBaseTests" */;
			buildPhases = (
				8A91CF3A2983137300682807 /* Sources */,
				8A91CF3B2983137300682807 /* Frameworks */,
				8A91CF3C2983137300682807 /* Resources */,
			);
			buildRules = (
			);
			dependencies = (
				8A91CF412983137300682807 /* PBXTargetDependency */,
				8AFA469029859DE0002AB181 /* PBXTargetDependency */,
			);
			name = AppDataBaseTests;
			productName = AppDataBaseTests;
			productReference = 8A91CF3E2983137300682807 /* AppDataBaseTests.xctest */;
			productType = "com.apple.product-type.bundle.unit-test";
		};
		8AFA467929859DB6002AB181 /* TargetApp */ = {
			isa = PBXNativeTarget;
			buildConfigurationList = 8AFA468529859DB9002AB181 /* Build configuration list for PBXNativeTarget "TargetApp" */;
			buildPhases = (
				8AFA467629859DB6002AB181 /* Sources */,
				8AFA467729859DB6002AB181 /* Frameworks */,
				8AFA467829859DB6002AB181 /* Resources */,
				8AFA468C29859DD3002AB181 /* Embed Frameworks */,
			);
			buildRules = (
			);
			dependencies = (
				8AFA468B29859DD3002AB181 /* PBXTargetDependency */,
			);
			name = TargetApp;
			productName = TargetApp;
			productReference = 8AFA467A29859DB6002AB181 /* TargetApp.app */;
			productType = "com.apple.product-type.application";
		};
/* End PBXNativeTarget section */

/* Begin PBXProject section */
		8A91CF2D2983137300682807 /* Project object */ = {
			isa = PBXProject;
			attributes = {
				BuildIndependentTargetsInParallel = 1;
				LastSwiftUpdateCheck = 1400;
				LastUpgradeCheck = 1400;
				TargetAttributes = {
					8A91CF352983137300682807 = {
						CreatedOnToolsVersion = 14.0;
						LastSwiftMigration = 1400;
					};
					8A91CF3D2983137300682807 = {
						CreatedOnToolsVersion = 14.0;
						TestTargetID = 8AFA467929859DB6002AB181;
					};
					8AFA467929859DB6002AB181 = {
						CreatedOnToolsVersion = 14.0;
					};
				};
			};
			buildConfigurationList = 8A91CF302983137300682807 /* Build configuration list for PBXProject "AppDataBase" */;
			compatibilityVersion = "Xcode 14.0";
			developmentRegion = en;
			hasScannedForEncodings = 0;
			knownRegions = (
				en,
				Base,
			);
			mainGroup = 8A91CF2C2983137300682807;
			productRefGroup = 8A91CF372983137300682807 /* Products */;
			projectDirPath = "";
			projectRoot = "";
			targets = (
				8A91CF352983137300682807 /* AppDataBase */,
				8A91CF3D2983137300682807 /* AppDataBaseTests */,
				8AFA467929859DB6002AB181 /* TargetApp */,
			);
		};
/* End PBXProject section */

/* Begin PBXResourcesBuildPhase section */
		8A91CF342983137300682807 /* Resources */ = {
			isa = PBXResourcesBuildPhase;
			buildActionMask = 2147483647;
			files = (
			);
			runOnlyForDeploymentPostprocessing = 0;
		};
		8A91CF3C2983137300682807 /* Resources */ = {
			isa = PBXResourcesBuildPhase;
			buildActionMask = 2147483647;
			files = (
			);
			runOnlyForDeploymentPostprocessing = 0;
		};
		8AFA467829859DB6002AB181 /* Resources */ = {
			isa = PBXResourcesBuildPhase;
			buildActionMask = 2147483647;
			files = (
				8AFA468429859DB9002AB181 /* Preview Assets.xcassets in Resources */,
				8AFA468129859DB9002AB181 /* Assets.xcassets in Resources */,
			);
			runOnlyForDeploymentPostprocessing = 0;
		};
/* End PBXResourcesBuildPhase section */

/* Begin PBXSourcesBuildPhase section */
		8A91CF322983137300682807 /* Sources */ = {
			isa = PBXSourcesBuildPhase;
			buildActionMask = 2147483647;
			files = (
				8A12263C29832EE200BBCF5E /* LessonRepository.swift in Sources */,
				8A91CF7329831A6400682807 /* LessonDataController.swift in Sources */,
				8A1226382983230300BBCF5E /* DownloadDataController.swift in Sources */,
				8A91CF6D2983170000682807 /* Lesson+CoreDataClass.swift in Sources */,
				8A91CF6C2983170000682807 /* DownloadItem+CoreDataClass.swift in Sources */,
				8A1226402983341E00BBCF5E /* AppDatabase.swift in Sources */,
				8A12263E2983317800BBCF5E /* DownloadRepository.swift in Sources */,
				8A91CF6A2983170000682807 /* DownloadItem+CoreDataProperties.swift in Sources */,
				8A91CF50298313A100682807 /* AppDataBaseModel.xcdatamodeld in Sources */,
				8A91CF702983179000682807 /* AppDatabaseManager.swift in Sources */,
				8A91CF6B2983170000682807 /* Lesson+CoreDataProperties.swift in Sources */,
			);
			runOnlyForDeploymentPostprocessing = 0;
		};
		8A91CF3A2983137300682807 /* Sources */ = {
			isa = PBXSourcesBuildPhase;
			buildActionMask = 2147483647;
			files = (
				8AFA469329859E8C002AB181 /* AppDatabaseMock.swift in Sources */,
				8AFA469C2985B37B002AB181 /* AppDatabaseManagerMock.swift in Sources */,
				8AFA46A02985C855002AB181 /* DownloadRepositoryTest.swift in Sources */,
				8AFA469529859F85002AB181 /* DatabaseStoreMock.swift in Sources */,
				8A91CF442983137300682807 /* LessonRepositoryTests.swift in Sources */,
			);
			runOnlyForDeploymentPostprocessing = 0;
		};
		8AFA467629859DB6002AB181 /* Sources */ = {
			isa = PBXSourcesBuildPhase;
			buildActionMask = 2147483647;
			files = (
				8AFA467F29859DB6002AB181 /* ContentView.swift in Sources */,
				8AFA467D29859DB6002AB181 /* TargetAppApp.swift in Sources */,
			);
			runOnlyForDeploymentPostprocessing = 0;
		};
/* End PBXSourcesBuildPhase section */

/* Begin PBXTargetDependency section */
		8A91CF412983137300682807 /* PBXTargetDependency */ = {
			isa = PBXTargetDependency;
			target = 8A91CF352983137300682807 /* AppDataBase */;
			targetProxy = 8A91CF402983137300682807 /* PBXContainerItemProxy */;
		};
		8AFA468B29859DD3002AB181 /* PBXTargetDependency */ = {
			isa = PBXTargetDependency;
			target = 8A91CF352983137300682807 /* AppDataBase */;
			targetProxy = 8AFA468A29859DD3002AB181 /* PBXContainerItemProxy */;
		};
		8AFA469029859DE0002AB181 /* PBXTargetDependency */ = {
			isa = PBXTargetDependency;
			target = 8AFA467929859DB6002AB181 /* TargetApp */;
			targetProxy = 8AFA468F29859DE0002AB181 /* PBXContainerItemProxy */;
		};
/* End PBXTargetDependency section */

/* Begin XCBuildConfiguration section */
		8A91CF462983137300682807 /* Debug */ = {
			isa = XCBuildConfiguration;
			buildSettings = {
				ALWAYS_SEARCH_USER_PATHS = NO;
				CLANG_ANALYZER_NONNULL = YES;
				CLANG_ANALYZER_NUMBER_OBJECT_CONVERSION = YES_AGGRESSIVE;
				CLANG_CXX_LANGUAGE_STANDARD = "gnu++20";
				CLANG_ENABLE_MODULES = YES;
				CLANG_ENABLE_OBJC_ARC = YES;
				CLANG_ENABLE_OBJC_WEAK = YES;
				CLANG_WARN_BLOCK_CAPTURE_AUTORELEASING = YES;
				CLANG_WARN_BOOL_CONVERSION = YES;
				CLANG_WARN_COMMA = YES;
				CLANG_WARN_CONSTANT_CONVERSION = YES;
				CLANG_WARN_DEPRECATED_OBJC_IMPLEMENTATIONS = YES;
				CLANG_WARN_DIRECT_OBJC_ISA_USAGE = YES_ERROR;
				CLANG_WARN_DOCUMENTATION_COMMENTS = YES;
				CLANG_WARN_EMPTY_BODY = YES;
				CLANG_WARN_ENUM_CONVERSION = YES;
				CLANG_WARN_INFINITE_RECURSION = YES;
				CLANG_WARN_INT_CONVERSION = YES;
				CLANG_WARN_NON_LITERAL_NULL_CONVERSION = YES;
				CLANG_WARN_OBJC_IMPLICIT_RETAIN_SELF = YES;
				CLANG_WARN_OBJC_LITERAL_CONVERSION = YES;
				CLANG_WARN_OBJC_ROOT_CLASS = YES_ERROR;
				CLANG_WARN_QUOTED_INCLUDE_IN_FRAMEWORK_HEADER = YES;
				CLANG_WARN_RANGE_LOOP_ANALYSIS = YES;
				CLANG_WARN_STRICT_PROTOTYPES = YES;
				CLANG_WARN_SUSPICIOUS_MOVE = YES;
				CLANG_WARN_UNGUARDED_AVAILABILITY = YES_AGGRESSIVE;
				CLANG_WARN_UNREACHABLE_CODE = YES;
				CLANG_WARN__DUPLICATE_METHOD_MATCH = YES;
				COPY_PHASE_STRIP = NO;
				CURRENT_PROJECT_VERSION = 1;
				DEBUG_INFORMATION_FORMAT = dwarf;
				ENABLE_STRICT_OBJC_MSGSEND = YES;
				ENABLE_TESTABILITY = YES;
				GCC_C_LANGUAGE_STANDARD = gnu11;
				GCC_DYNAMIC_NO_PIC = NO;
				GCC_NO_COMMON_BLOCKS = YES;
				GCC_OPTIMIZATION_LEVEL = 0;
				GCC_PREPROCESSOR_DEFINITIONS = (
					"DEBUG=1",
					"$(inherited)",
				);
				GCC_WARN_64_TO_32_BIT_CONVERSION = YES;
				GCC_WARN_ABOUT_RETURN_TYPE = YES_ERROR;
				GCC_WARN_UNDECLARED_SELECTOR = YES;
				GCC_WARN_UNINITIALIZED_AUTOS = YES_AGGRESSIVE;
				GCC_WARN_UNUSED_FUNCTION = YES;
				GCC_WARN_UNUSED_VARIABLE = YES;
				IPHONEOS_DEPLOYMENT_TARGET = 16.0;
				MTL_ENABLE_DEBUG_INFO = INCLUDE_SOURCE;
				MTL_FAST_MATH = YES;
				ONLY_ACTIVE_ARCH = YES;
				SDKROOT = iphoneos;
				SWIFT_ACTIVE_COMPILATION_CONDITIONS = DEBUG;
				SWIFT_OPTIMIZATION_LEVEL = "-Onone";
				VERSIONING_SYSTEM = "apple-generic";
				VERSION_INFO_PREFIX = "";
			};
			name = Debug;
		};
		8A91CF472983137300682807 /* Release */ = {
			isa = XCBuildConfiguration;
			buildSettings = {
				ALWAYS_SEARCH_USER_PATHS = NO;
				CLANG_ANALYZER_NONNULL = YES;
				CLANG_ANALYZER_NUMBER_OBJECT_CONVERSION = YES_AGGRESSIVE;
				CLANG_CXX_LANGUAGE_STANDARD = "gnu++20";
				CLANG_ENABLE_MODULES = YES;
				CLANG_ENABLE_OBJC_ARC = YES;
				CLANG_ENABLE_OBJC_WEAK = YES;
				CLANG_WARN_BLOCK_CAPTURE_AUTORELEASING = YES;
				CLANG_WARN_BOOL_CONVERSION = YES;
				CLANG_WARN_COMMA = YES;
				CLANG_WARN_CONSTANT_CONVERSION = YES;
				CLANG_WARN_DEPRECATED_OBJC_IMPLEMENTATIONS = YES;
				CLANG_WARN_DIRECT_OBJC_ISA_USAGE = YES_ERROR;
				CLANG_WARN_DOCUMENTATION_COMMENTS = YES;
				CLANG_WARN_EMPTY_BODY = YES;
				CLANG_WARN_ENUM_CONVERSION = YES;
				CLANG_WARN_INFINITE_RECURSION = YES;
				CLANG_WARN_INT_CONVERSION = YES;
				CLANG_WARN_NON_LITERAL_NULL_CONVERSION = YES;
				CLANG_WARN_OBJC_IMPLICIT_RETAIN_SELF = YES;
				CLANG_WARN_OBJC_LITERAL_CONVERSION = YES;
				CLANG_WARN_OBJC_ROOT_CLASS = YES_ERROR;
				CLANG_WARN_QUOTED_INCLUDE_IN_FRAMEWORK_HEADER = YES;
				CLANG_WARN_RANGE_LOOP_ANALYSIS = YES;
				CLANG_WARN_STRICT_PROTOTYPES = YES;
				CLANG_WARN_SUSPICIOUS_MOVE = YES;
				CLANG_WARN_UNGUARDED_AVAILABILITY = YES_AGGRESSIVE;
				CLANG_WARN_UNREACHABLE_CODE = YES;
				CLANG_WARN__DUPLICATE_METHOD_MATCH = YES;
				COPY_PHASE_STRIP = NO;
				CURRENT_PROJECT_VERSION = 1;
				DEBUG_INFORMATION_FORMAT = "dwarf-with-dsym";
				ENABLE_NS_ASSERTIONS = NO;
				ENABLE_STRICT_OBJC_MSGSEND = YES;
				GCC_C_LANGUAGE_STANDARD = gnu11;
				GCC_NO_COMMON_BLOCKS = YES;
				GCC_WARN_64_TO_32_BIT_CONVERSION = YES;
				GCC_WARN_ABOUT_RETURN_TYPE = YES_ERROR;
				GCC_WARN_UNDECLARED_SELECTOR = YES;
				GCC_WARN_UNINITIALIZED_AUTOS = YES_AGGRESSIVE;
				GCC_WARN_UNUSED_FUNCTION = YES;
				GCC_WARN_UNUSED_VARIABLE = YES;
				IPHONEOS_DEPLOYMENT_TARGET = 16.0;
				MTL_ENABLE_DEBUG_INFO = NO;
				MTL_FAST_MATH = YES;
				SDKROOT = iphoneos;
				SWIFT_COMPILATION_MODE = wholemodule;
				SWIFT_OPTIMIZATION_LEVEL = "-O";
				VALIDATE_PRODUCT = YES;
				VERSIONING_SYSTEM = "apple-generic";
				VERSION_INFO_PREFIX = "";
			};
			name = Release;
		};
		8A91CF492983137300682807 /* Debug */ = {
			isa = XCBuildConfiguration;
			buildSettings = {
				CLANG_ENABLE_MODULES = YES;
				CODE_SIGN_STYLE = Automatic;
				CURRENT_PROJECT_VERSION = 1;
				DEFINES_MODULE = YES;
				DEVELOPMENT_TEAM = 6TW9S5N48Q;
				DYLIB_COMPATIBILITY_VERSION = 1;
				DYLIB_CURRENT_VERSION = 1;
				DYLIB_INSTALL_NAME_BASE = "@rpath";
				GENERATE_INFOPLIST_FILE = YES;
				INFOPLIST_KEY_NSHumanReadableCopyright = "";
				INSTALL_PATH = "$(LOCAL_LIBRARY_DIR)/Frameworks";
				IPHONEOS_DEPLOYMENT_TARGET = 15.0;
				LD_RUNPATH_SEARCH_PATHS = (
					"$(inherited)",
					"@executable_path/Frameworks",
					"@loader_path/Frameworks",
				);
				MARKETING_VERSION = 1.0;
				PRODUCT_BUNDLE_IDENTIFIER = com.amohiy.photographyschoollessonapp.database.AppDataBase;
				PRODUCT_NAME = "$(TARGET_NAME:c99extidentifier)";
				SKIP_INSTALL = YES;
				SWIFT_EMIT_LOC_STRINGS = YES;
				SWIFT_OPTIMIZATION_LEVEL = "-Onone";
				SWIFT_VERSION = 5.0;
				TARGETED_DEVICE_FAMILY = "1,2";
			};
			name = Debug;
		};
		8A91CF4A2983137300682807 /* Release */ = {
			isa = XCBuildConfiguration;
			buildSettings = {
				CLANG_ENABLE_MODULES = YES;
				CODE_SIGN_STYLE = Automatic;
				CURRENT_PROJECT_VERSION = 1;
				DEFINES_MODULE = YES;
				DEVELOPMENT_TEAM = 6TW9S5N48Q;
				DYLIB_COMPATIBILITY_VERSION = 1;
				DYLIB_CURRENT_VERSION = 1;
				DYLIB_INSTALL_NAME_BASE = "@rpath";
				GENERATE_INFOPLIST_FILE = YES;
				INFOPLIST_KEY_NSHumanReadableCopyright = "";
				INSTALL_PATH = "$(LOCAL_LIBRARY_DIR)/Frameworks";
				IPHONEOS_DEPLOYMENT_TARGET = 15.0;
				LD_RUNPATH_SEARCH_PATHS = (
					"$(inherited)",
					"@executable_path/Frameworks",
					"@loader_path/Frameworks",
				);
				MARKETING_VERSION = 1.0;
				PRODUCT_BUNDLE_IDENTIFIER = com.amohiy.photographyschoollessonapp.database.AppDataBase;
				PRODUCT_NAME = "$(TARGET_NAME:c99extidentifier)";
				SKIP_INSTALL = YES;
				SWIFT_EMIT_LOC_STRINGS = YES;
				SWIFT_VERSION = 5.0;
				TARGETED_DEVICE_FAMILY = "1,2";
			};
			name = Release;
		};
		8A91CF4C2983137300682807 /* Debug */ = {
			isa = XCBuildConfiguration;
			buildSettings = {
				ALWAYS_EMBED_SWIFT_STANDARD_LIBRARIES = YES;
				BUNDLE_LOADER = "$(TEST_HOST)";
				CODE_SIGN_STYLE = Automatic;
				CURRENT_PROJECT_VERSION = 1;
				DEVELOPMENT_TEAM = 6TW9S5N48Q;
				GENERATE_INFOPLIST_FILE = YES;
				MARKETING_VERSION = 1.0;
				PRODUCT_BUNDLE_IDENTIFIER = com.amohiy.photographyschoollessonapp.database.AppDataBaseTests;
				PRODUCT_NAME = "$(TARGET_NAME)";
				SWIFT_EMIT_LOC_STRINGS = NO;
				SWIFT_VERSION = 5.0;
				TARGETED_DEVICE_FAMILY = "1,2";
				TEST_HOST = "$(BUILT_PRODUCTS_DIR)/TargetApp.app/$(BUNDLE_EXECUTABLE_FOLDER_PATH)/TargetApp";
			};
			name = Debug;
		};
		8A91CF4D2983137300682807 /* Release */ = {
			isa = XCBuildConfiguration;
			buildSettings = {
				ALWAYS_EMBED_SWIFT_STANDARD_LIBRARIES = YES;
				BUNDLE_LOADER = "$(TEST_HOST)";
				CODE_SIGN_STYLE = Automatic;
				CURRENT_PROJECT_VERSION = 1;
				DEVELOPMENT_TEAM = 6TW9S5N48Q;
				GENERATE_INFOPLIST_FILE = YES;
				MARKETING_VERSION = 1.0;
				PRODUCT_BUNDLE_IDENTIFIER = com.amohiy.photographyschoollessonapp.database.AppDataBaseTests;
				PRODUCT_NAME = "$(TARGET_NAME)";
				SWIFT_EMIT_LOC_STRINGS = NO;
				SWIFT_VERSION = 5.0;
				TARGETED_DEVICE_FAMILY = "1,2";
				TEST_HOST = "$(BUILT_PRODUCTS_DIR)/TargetApp.app/$(BUNDLE_EXECUTABLE_FOLDER_PATH)/TargetApp";
			};
			name = Release;
		};
		8AFA468629859DB9002AB181 /* Debug */ = {
			isa = XCBuildConfiguration;
			buildSettings = {
				ASSETCATALOG_COMPILER_APPICON_NAME = AppIcon;
				ASSETCATALOG_COMPILER_GLOBAL_ACCENT_COLOR_NAME = AccentColor;
				CODE_SIGN_STYLE = Automatic;
				CURRENT_PROJECT_VERSION = 1;
				DEVELOPMENT_ASSET_PATHS = "\"TargetApp/Preview Content\"";
				DEVELOPMENT_TEAM = 6TW9S5N48Q;
				ENABLE_PREVIEWS = YES;
				GENERATE_INFOPLIST_FILE = YES;
				INFOPLIST_KEY_UIApplicationSceneManifest_Generation = YES;
				INFOPLIST_KEY_UIApplicationSupportsIndirectInputEvents = YES;
				INFOPLIST_KEY_UILaunchScreen_Generation = YES;
				INFOPLIST_KEY_UISupportedInterfaceOrientations_iPad = "UIInterfaceOrientationPortrait UIInterfaceOrientationPortraitUpsideDown UIInterfaceOrientationLandscapeLeft UIInterfaceOrientationLandscapeRight";
				INFOPLIST_KEY_UISupportedInterfaceOrientations_iPhone = "UIInterfaceOrientationPortrait UIInterfaceOrientationLandscapeLeft UIInterfaceOrientationLandscapeRight";
				LD_RUNPATH_SEARCH_PATHS = (
					"$(inherited)",
					"@executable_path/Frameworks",
				);
				MARKETING_VERSION = 1.0;
				PRODUCT_BUNDLE_IDENTIFIER = com.amohiy.photographyschoollessonapp.database.AppDataBaseTests.target.app.TargetApp;
				PRODUCT_NAME = "$(TARGET_NAME)";
				SWIFT_EMIT_LOC_STRINGS = YES;
				SWIFT_VERSION = 5.0;
				TARGETED_DEVICE_FAMILY = "1,2";
			};
			name = Debug;
		};
		8AFA468729859DB9002AB181 /* Release */ = {
			isa = XCBuildConfiguration;
			buildSettings = {
				ASSETCATALOG_COMPILER_APPICON_NAME = AppIcon;
				ASSETCATALOG_COMPILER_GLOBAL_ACCENT_COLOR_NAME = AccentColor;
				CODE_SIGN_STYLE = Automatic;
				CURRENT_PROJECT_VERSION = 1;
				DEVELOPMENT_ASSET_PATHS = "\"TargetApp/Preview Content\"";
				DEVELOPMENT_TEAM = 6TW9S5N48Q;
				ENABLE_PREVIEWS = YES;
				GENERATE_INFOPLIST_FILE = YES;
				INFOPLIST_KEY_UIApplicationSceneManifest_Generation = YES;
				INFOPLIST_KEY_UIApplicationSupportsIndirectInputEvents = YES;
				INFOPLIST_KEY_UILaunchScreen_Generation = YES;
				INFOPLIST_KEY_UISupportedInterfaceOrientations_iPad = "UIInterfaceOrientationPortrait UIInterfaceOrientationPortraitUpsideDown UIInterfaceOrientationLandscapeLeft UIInterfaceOrientationLandscapeRight";
				INFOPLIST_KEY_UISupportedInterfaceOrientations_iPhone = "UIInterfaceOrientationPortrait UIInterfaceOrientationLandscapeLeft UIInterfaceOrientationLandscapeRight";
				LD_RUNPATH_SEARCH_PATHS = (
					"$(inherited)",
					"@executable_path/Frameworks",
				);
				MARKETING_VERSION = 1.0;
				PRODUCT_BUNDLE_IDENTIFIER = com.amohiy.photographyschoollessonapp.database.AppDataBaseTests.target.app.TargetApp;
				PRODUCT_NAME = "$(TARGET_NAME)";
				SWIFT_EMIT_LOC_STRINGS = YES;
				SWIFT_VERSION = 5.0;
				TARGETED_DEVICE_FAMILY = "1,2";
			};
			name = Release;
		};
/* End XCBuildConfiguration section */

/* Begin XCConfigurationList section */
		8A91CF302983137300682807 /* Build configuration list for PBXProject "AppDataBase" */ = {
			isa = XCConfigurationList;
			buildConfigurations = (
				8A91CF462983137300682807 /* Debug */,
				8A91CF472983137300682807 /* Release */,
			);
			defaultConfigurationIsVisible = 0;
			defaultConfigurationName = Release;
		};
		8A91CF482983137300682807 /* Build configuration list for PBXNativeTarget "AppDataBase" */ = {
			isa = XCConfigurationList;
			buildConfigurations = (
				8A91CF492983137300682807 /* Debug */,
				8A91CF4A2983137300682807 /* Release */,
			);
			defaultConfigurationIsVisible = 0;
			defaultConfigurationName = Release;
		};
		8A91CF4B2983137300682807 /* Build configuration list for PBXNativeTarget "AppDataBaseTests" */ = {
			isa = XCConfigurationList;
			buildConfigurations = (
				8A91CF4C2983137300682807 /* Debug */,
				8A91CF4D2983137300682807 /* Release */,
			);
			defaultConfigurationIsVisible = 0;
			defaultConfigurationName = Release;
		};
		8AFA468529859DB9002AB181 /* Build configuration list for PBXNativeTarget "TargetApp" */ = {
			isa = XCConfigurationList;
			buildConfigurations = (
				8AFA468629859DB9002AB181 /* Debug */,
				8AFA468729859DB9002AB181 /* Release */,
			);
			defaultConfigurationIsVisible = 0;
			defaultConfigurationName = Release;
		};
/* End XCConfigurationList section */

/* Begin XCVersionGroup section */
		8A91CF4E298313A100682807 /* AppDataBaseModel.xcdatamodeld */ = {
			isa = XCVersionGroup;
			children = (
				8A91CF4F298313A100682807 /* AppDataBaseModel.xcdatamodel */,
			);
			currentVersion = 8A91CF4F298313A100682807 /* AppDataBaseModel.xcdatamodel */;
			path = AppDataBaseModel.xcdatamodeld;
			sourceTree = "<group>";
			versionGroupType = wrapper.xcdatamodel;
		};
/* End XCVersionGroup section */
	};
	rootObject = 8A91CF2D2983137300682807 /* Project object */;
}
